
Microsoft Visual Studio Solution File, Format Version 12.00
# Visual Studio Version 16
VisualStudioVersion = 16.0.31624.102
MinimumVisualStudioVersion = 10.0.40219.1
Project("{FAE04EC0-301F-11D3-BF4B-00C04F79EFBC}") = "Vehicles.Common", "Vehicles.Common\Vehicles.Common.csproj", "{CC4AB1CD-FAB7-4A82-A08E-795F6B60FA8C}"
EndProject
Project("{FAE04EC0-301F-11D3-BF4B-00C04F79EFBC}") = "Vehicles.API", "Vehicles.API\Vehicles.API.csproj", "{15CAEE94-BD26-4B1E-87FD-7FD425FD89AB}"
EndProject
Global
	GlobalSection(SolutionConfigurationPlatforms) = preSolution
		Debug|Any CPU = Debug|Any CPU
		Release|Any CPU = Release|Any CPU
	EndGlobalSection
	GlobalSection(ProjectConfigurationPlatforms) = postSolution
		{CC4AB1CD-FAB7-4A82-A08E-795F6B60FA8C}.Debug|Any CPU.ActiveCfg = Debug|Any CPU
		{CC4AB1CD-FAB7-4A82-A08E-795F6B60FA8C}.Debug|Any CPU.Build.0 = Debug|Any CPU
		{CC4AB1CD-FAB7-4A82-A08E-795F6B60FA8C}.Release|Any CPU.ActiveCfg = Release|Any CPU
		{CC4AB1CD-FAB7-4A82-A08E-795F6B60FA8C}.Release|Any CPU.Build.0 = Release|Any CPU
		{15CAEE94-BD26-4B1E-87FD-7FD425FD89AB}.Debug|Any CPU.ActiveCfg = Debug|Any CPU
		{15CAEE94-BD26-4B1E-87FD-7FD425FD89AB}.Debug|Any CPU.Build.0 = Debug|Any CPU
		{15CAEE94-BD26-4B1E-87FD-7FD425FD89AB}.Release|Any CPU.ActiveCfg = Release|Any CPU
		{15CAEE94-BD26-4B1E-87FD-7FD425FD89AB}.Release|Any CPU.Build.0 = Release|Any CPU
	EndGlobalSection
	GlobalSection(SolutionProperties) = preSolution
		HideSolutionNode = FALSE
	EndGlobalSection
	GlobalSection(ExtensibilityGlobals) = postSolution
		SolutionGuid = {D8150EED-9CAF-4396-B740-125862C5CA7F}
	EndGlobalSection
EndGlobal
